
Microsoft Visual Studio Solution File, Format Version 12.00
# Visual Studio Version 17
VisualStudioVersion = 17.9.34622.214
MinimumVisualStudioVersion = 10.0.40219.1
Project("{FAE04EC0-301F-11D3-BF4B-00C04F79EFBC}") = "YouToob", "YouToob\YouToob.csproj", "{7FD95EC8-7A52-4891-AA15-48FAFE2992F0}"
EndProject
Global
	GlobalSection(SolutionConfigurationPlatforms) = preSolution
		Debug|Any CPU = Debug|Any CPU
		Release|Any CPU = Release|Any CPU
	EndGlobalSection
	GlobalSection(ProjectConfigurationPlatforms) = postSolution
		{7FD95EC8-7A52-4891-AA15-48FAFE2992F0}.Debug|Any CPU.ActiveCfg = Debug|Any CPU
		{7FD95EC8-7A52-4891-AA15-48FAFE2992F0}.Debug|Any CPU.Build.0 = Debug|Any CPU
		{7FD95EC8-7A52-4891-AA15-48FAFE2992F0}.Release|Any CPU.ActiveCfg = Release|Any CPU
		{7FD95EC8-7A52-4891-AA15-48FAFE2992F0}.Release|Any CPU.Build.0 = Release|Any CPU
	EndGlobalSection
	GlobalSection(SolutionProperties) = preSolution
		HideSolutionNode = FALSE
	EndGlobalSection
	GlobalSection(ExtensibilityGlobals) = postSolution
		SolutionGuid = {D1E1CEA0-DA2B-45DA-BF1C-DFF3685D3FFA}
	EndGlobalSection
EndGlobal
